// !$*UTF8*$!
{
	archiveVersion = 1;
	classes = {
	};
	objectVersion = 46;
	objects = {

/* Begin PBXBuildFile section */
		008476A41BFC2305008959FC /* main.m in Sources */ = {isa = PBXBuildFile; fileRef = 008476A31BFC2305008959FC /* main.m */; };
		008476A71BFC2305008959FC /* AppDelegate.m in Sources */ = {isa = PBXBuildFile; fileRef = 008476A61BFC2305008959FC /* AppDelegate.m */; };
		008476AF1BFC2305008959FC /* Assets.xcassets in Resources */ = {isa = PBXBuildFile; fileRef = 008476AE1BFC2305008959FC /* Assets.xcassets */; };
		008476BB1BFC25FB008959FC /* MenuVC.m in Sources */ = {isa = PBXBuildFile; fileRef = 008476BA1BFC25FB008959FC /* MenuVC.m */; };
		00C7DC971C02FD7100DCE215 /* HFileCache.m in Sources */ = {isa = PBXBuildFile; fileRef = 00C7DC961C02FD7100DCE215 /* HFileCache.m */; };
		5714123E5CE751497BBD7F85 /* libPods-HCache.a in Frameworks */ = {isa = PBXBuildFile; fileRef = E7B93254BEB90A4F9B5A091E /* libPods-HCache.a */; };
		B6871EF9110DEA5EAC1BCAE2 /* libPods.a in Frameworks */ = {isa = PBXBuildFile; fileRef = 4E43CB08A693942437508FFA /* libPods.a */; };
/* End PBXBuildFile section */

/* Begin PBXFileReference section */
		0084769F1BFC2305008959FC /* HCache.app */ = {isa = PBXFileReference; explicitFileType = wrapper.application; includeInIndex = 0; path = HCache.app; sourceTree = BUILT_PRODUCTS_DIR; };
		008476A31BFC2305008959FC /* main.m */ = {isa = PBXFileReference; lastKnownFileType = sourcecode.c.objc; path = main.m; sourceTree = "<group>"; };
		008476A51BFC2305008959FC /* AppDelegate.h */ = {isa = PBXFileReference; lastKnownFileType = sourcecode.c.h; path = AppDelegate.h; sourceTree = "<group>"; };
		008476A61BFC2305008959FC /* AppDelegate.m */ = {isa = PBXFileReference; lastKnownFileType = sourcecode.c.objc; path = AppDelegate.m; sourceTree = "<group>"; };
		008476AE1BFC2305008959FC /* Assets.xcassets */ = {isa = PBXFileReference; lastKnownFileType = folder.assetcatalog; path = Assets.xcassets; sourceTree = "<group>"; };
		008476B31BFC2305008959FC /* Info.plist */ = {isa = PBXFileReference; lastKnownFileType = text.plist.xml; path = Info.plist; sourceTree = "<group>"; };
		008476B91BFC25FB008959FC /* MenuVC.h */ = {isa = PBXFileReference; fileEncoding = 4; lastKnownFileType = sourcecode.c.h; path = MenuVC.h; sourceTree = "<group>"; };
		008476BA1BFC25FB008959FC /* MenuVC.m */ = {isa = PBXFileReference; fileEncoding = 4; lastKnownFileType = sourcecode.c.objc; path = MenuVC.m; sourceTree = "<group>"; };
		00C7DC951C02FD7100DCE215 /* HFileCache.h */ = {isa = PBXFileReference; fileEncoding = 4; lastKnownFileType = sourcecode.c.h; path = HFileCache.h; sourceTree = "<group>"; };
		00C7DC961C02FD7100DCE215 /* HFileCache.m */ = {isa = PBXFileReference; fileEncoding = 4; lastKnownFileType = sourcecode.c.objc; path = HFileCache.m; sourceTree = "<group>"; };
		34A1E9A143E0BE226A33B8CD /* Pods.release.xcconfig */ = {isa = PBXFileReference; includeInIndex = 1; lastKnownFileType = text.xcconfig; name = Pods.release.xcconfig; path = "Pods/Target Support Files/Pods/Pods.release.xcconfig"; sourceTree = "<group>"; };
		4E43CB08A693942437508FFA /* libPods.a */ = {isa = PBXFileReference; explicitFileType = archive.ar; includeInIndex = 0; path = libPods.a; sourceTree = BUILT_PRODUCTS_DIR; };
		502D6F808F87D5D6DA5EF20C /* Pods.debug.xcconfig */ = {isa = PBXFileReference; includeInIndex = 1; lastKnownFileType = text.xcconfig; name = Pods.debug.xcconfig; path = "Pods/Target Support Files/Pods/Pods.debug.xcconfig"; sourceTree = "<group>"; };
		5A1C52F9B3CCDECC449ABED4 /* Pods-HCache.release.xcconfig */ = {isa = PBXFileReference; includeInIndex = 1; lastKnownFileType = text.xcconfig; name = "Pods-HCache.release.xcconfig"; path = "Pods/Target Support Files/Pods-HCache/Pods-HCache.release.xcconfig"; sourceTree = "<group>"; };
		74686A22528ECB423058D4A2 /* Pods-HCache.debug.xcconfig */ = {isa = PBXFileReference; includeInIndex = 1; lastKnownFileType = text.xcconfig; name = "Pods-HCache.debug.xcconfig"; path = "Pods/Target Support Files/Pods-HCache/Pods-HCache.debug.xcconfig"; sourceTree = "<group>"; };
		E7B93254BEB90A4F9B5A091E /* libPods-HCache.a */ = {isa = PBXFileReference; explicitFileType = archive.ar; includeInIndex = 0; path = "libPods-HCache.a"; sourceTree = BUILT_PRODUCTS_DIR; };
/* End PBXFileReference section */

/* Begin PBXFrameworksBuildPhase section */
		0084769C1BFC2305008959FC /* Frameworks */ = {
			isa = PBXFrameworksBuildPhase;
			buildActionMask = 2147483647;
			files = (
				B6871EF9110DEA5EAC1BCAE2 /* libPods.a in Frameworks */,
				5714123E5CE751497BBD7F85 /* libPods-HCache.a in Frameworks */,
			);
			runOnlyForDeploymentPostprocessing = 0;
		};
/* End PBXFrameworksBuildPhase section */

/* Begin PBXGroup section */
		008476961BFC2305008959FC = {
			isa = PBXGroup;
			children = (
				00C7DC941C02FD7100DCE215 /* Classes */,
				008476A11BFC2305008959FC /* HCache */,
				008476A01BFC2305008959FC /* Products */,
				EC5E4B23C33310F1B6FCD4F6 /* Pods */,
				3944614F9BDA9031DF1161E1 /* Frameworks */,
			);
			sourceTree = "<group>";
		};
		008476A01BFC2305008959FC /* Products */ = {
			isa = PBXGroup;
			children = (
				0084769F1BFC2305008959FC /* HCache.app */,
			);
			name = Products;
			sourceTree = "<group>";
		};
		008476A11BFC2305008959FC /* HCache */ = {
			isa = PBXGroup;
			children = (
				008476A51BFC2305008959FC /* AppDelegate.h */,
				008476A61BFC2305008959FC /* AppDelegate.m */,
				008476AE1BFC2305008959FC /* Assets.xcassets */,
				008476B31BFC2305008959FC /* Info.plist */,
				008476A21BFC2305008959FC /* Supporting Files */,
				008476B91BFC25FB008959FC /* MenuVC.h */,
				008476BA1BFC25FB008959FC /* MenuVC.m */,
			);
			path = HCache;
			sourceTree = "<group>";
		};
		008476A21BFC2305008959FC /* Supporting Files */ = {
			isa = PBXGroup;
			children = (
				008476A31BFC2305008959FC /* main.m */,
			);
			name = "Supporting Files";
			sourceTree = "<group>";
		};
		00C7DC941C02FD7100DCE215 /* Classes */ = {
			isa = PBXGroup;
			children = (
				00C7DC951C02FD7100DCE215 /* HFileCache.h */,
				00C7DC961C02FD7100DCE215 /* HFileCache.m */,
			);
			path = Classes;
			sourceTree = "<group>";
		};
		3944614F9BDA9031DF1161E1 /* Frameworks */ = {
			isa = PBXGroup;
			children = (
				4E43CB08A693942437508FFA /* libPods.a */,
				E7B93254BEB90A4F9B5A091E /* libPods-HCache.a */,
			);
			name = Frameworks;
			sourceTree = "<group>";
		};
		EC5E4B23C33310F1B6FCD4F6 /* Pods */ = {
			isa = PBXGroup;
			children = (
				502D6F808F87D5D6DA5EF20C /* Pods.debug.xcconfig */,
				34A1E9A143E0BE226A33B8CD /* Pods.release.xcconfig */,
				74686A22528ECB423058D4A2 /* Pods-HCache.debug.xcconfig */,
				5A1C52F9B3CCDECC449ABED4 /* Pods-HCache.release.xcconfig */,
			);
			name = Pods;
			sourceTree = "<group>";
		};
/* End PBXGroup section */

/* Begin PBXNativeTarget section */
		0084769E1BFC2305008959FC /* HCache */ = {
			isa = PBXNativeTarget;
			buildConfigurationList = 008476B61BFC2305008959FC /* Build configuration list for PBXNativeTarget "HCache" */;
			buildPhases = (
				ED3690F8D68E3E735CEABFC4 /* [CP] Check Pods Manifest.lock */,
				0084769B1BFC2305008959FC /* Sources */,
				0084769C1BFC2305008959FC /* Frameworks */,
				0084769D1BFC2305008959FC /* Resources */,
				42A29CB2BD9160F5A7770AF3 /* [CP] Copy Pods Resources */,
				B503D3904D61898256F5FE0F /* [CP] Embed Pods Frameworks */,
			);
			buildRules = (
			);
			dependencies = (
			);
			name = HCache;
			productName = HCache;
			productReference = 0084769F1BFC2305008959FC /* HCache.app */;
			productType = "com.apple.product-type.application";
		};
/* End PBXNativeTarget section */

/* Begin PBXProject section */
		008476971BFC2305008959FC /* Project object */ = {
			isa = PBXProject;
			attributes = {
				LastUpgradeCheck = 0710;
				ORGANIZATIONNAME = zhangchutian;
				TargetAttributes = {
					0084769E1BFC2305008959FC = {
						CreatedOnToolsVersion = 7.1;
					};
				};
			};
			buildConfigurationList = 0084769A1BFC2305008959FC /* Build configuration list for PBXProject "HCache" */;
			compatibilityVersion = "Xcode 3.2";
			developmentRegion = English;
			hasScannedForEncodings = 0;
			knownRegions = (
				en,
				Base,
			);
			mainGroup = 008476961BFC2305008959FC;
			productRefGroup = 008476A01BFC2305008959FC /* Products */;
			projectDirPath = "";
			projectRoot = "";
			targets = (
				0084769E1BFC2305008959FC /* HCache */,
			);
		};
/* End PBXProject section */

/* Begin PBXResourcesBuildPhase section */
		0084769D1BFC2305008959FC /* Resources */ = {
			isa = PBXResourcesBuildPhase;
			buildActionMask = 2147483647;
			files = (
				008476AF1BFC2305008959FC /* Assets.xcassets in Resources */,
			);
			runOnlyForDeploymentPostprocessing = 0;
		};
/* End PBXResourcesBuildPhase section */

/* Begin PBXShellScriptBuildPhase section */
		42A29CB2BD9160F5A7770AF3 /* [CP] Copy Pods Resources */ = {
			isa = PBXShellScriptBuildPhase;
			buildActionMask = 2147483647;
			files = (
			);
			inputPaths = (
			);
			name = "[CP] Copy Pods Resources";
			outputPaths = (
			);
			runOnlyForDeploymentPostprocessing = 0;
			shellPath = /bin/sh;
			shellScript = "\"${SRCROOT}/Pods/Target Support Files/Pods-HCache/Pods-HCache-resources.sh\"\n";
			showEnvVarsInLog = 0;
		};
		B503D3904D61898256F5FE0F /* [CP] Embed Pods Frameworks */ = {
			isa = PBXShellScriptBuildPhase;
			buildActionMask = 2147483647;
			files = (
			);
			inputPaths = (
			);
			name = "[CP] Embed Pods Frameworks";
			outputPaths = (
			);
			runOnlyForDeploymentPostprocessing = 0;
			shellPath = /bin/sh;
			shellScript = "\"${SRCROOT}/Pods/Target Support Files/Pods-HCache/Pods-HCache-frameworks.sh\"\n";
			showEnvVarsInLog = 0;
		};
		ED3690F8D68E3E735CEABFC4 /* [CP] Check Pods Manifest.lock */ = {
			isa = PBXShellScriptBuildPhase;
			buildActionMask = 2147483647;
			files = (
			);
			inputPaths = (
			);
			name = "[CP] Check Pods Manifest.lock";
			outputPaths = (
			);
			runOnlyForDeploymentPostprocessing = 0;
			shellPath = /bin/sh;
			shellScript = "diff \"${PODS_PODFILE_DIR_PATH}/Podfile.lock\" \"${PODS_ROOT}/Manifest.lock\" > /dev/null\nif [ $? != 0 ] ; then\n    # print error to STDERR\n    echo \"error: The sandbox is not in sync with the Podfile.lock. Run 'pod install' or update your CocoaPods installation.\" >&2\n    exit 1\nfi\n";
			showEnvVarsInLog = 0;
		};
/* End PBXShellScriptBuildPhase section */

/* Begin PBXSourcesBuildPhase section */
		0084769B1BFC2305008959FC /* Sources */ = {
			isa = PBXSourcesBuildPhase;
			buildActionMask = 2147483647;
			files = (
				008476BB1BFC25FB008959FC /* MenuVC.m in Sources */,
				008476A71BFC2305008959FC /* AppDelegate.m in Sources */,
				008476A41BFC2305008959FC /* main.m in Sources */,
				00C7DC971C02FD7100DCE215 /* HFileCache.m in Sources */,
			);
			runOnlyForDeploymentPostprocessing = 0;
		};
/* End PBXSourcesBuildPhase section */

/* Begin XCBuildConfiguration section */
		008476B41BFC2305008959FC /* Debug */ = {
			isa = XCBuildConfiguration;
			buildSettings = {
				ALWAYS_SEARCH_USER_PATHS = NO;
				CLANG_CXX_LANGUAGE_STANDARD = "gnu++0x";
				CLANG_CXX_LIBRARY = "libc++";
				CLANG_ENABLE_MODULES = YES;
				CLANG_ENABLE_OBJC_ARC = YES;
				CLANG_WARN_BOOL_CONVERSION = YES;
				CLANG_WARN_CONSTANT_CONVERSION = YES;
				CLANG_WARN_DIRECT_OBJC_ISA_USAGE = YES_ERROR;
				CLANG_WARN_EMPTY_BODY = YES;
				CLANG_WARN_ENUM_CONVERSION = YES;
				CLANG_WARN_INT_CONVERSION = YES;
				CLANG_WARN_OBJC_ROOT_CLASS = YES_ERROR;
				CLANG_WARN_UNREACHABLE_CODE = YES;
				CLANG_WARN__DUPLICATE_METHOD_MATCH = YES;
				"CODE_SIGN_IDENTITY[sdk=iphoneos*]" = "iPhone Developer";
				COPY_PHASE_STRIP = NO;
				DEBUG_INFORMATION_FORMAT = dwarf;
				ENABLE_STRICT_OBJC_MSGSEND = YES;
				ENABLE_TESTABILITY = YES;
				GCC_C_LANGUAGE_STANDARD = gnu99;
				GCC_DYNAMIC_NO_PIC = NO;
				GCC_NO_COMMON_BLOCKS = YES;
				GCC_OPTIMIZATION_LEVEL = 0;
				GCC_PREPROCESSOR_DEFINITIONS = (
					"DEBUG=1",
					"$(inherited)",
				);
				GCC_WARN_64_TO_32_BIT_CONVERSION = YES;
				GCC_WARN_ABOUT_RETURN_TYPE = YES_ERROR;
				GCC_WARN_UNDECLARED_SELECTOR = YES;
				GCC_WARN_UNINITIALIZED_AUTOS = YES_AGGRESSIVE;
				GCC_WARN_UNUSED_FUNCTION = YES;
				GCC_WARN_UNUSED_VARIABLE = YES;
				IPHONEOS_DEPLOYMENT_TARGET = 9.1;
				MTL_ENABLE_DEBUG_INFO = YES;
				ONLY_ACTIVE_ARCH = YES;
				SDKROOT = iphoneos;
				TARGETED_DEVICE_FAMILY = "1,2";
			};
			name = Debug;
		};
		008476B51BFC2305008959FC /* Release */ = {
			isa = XCBuildConfiguration;
			buildSettings = {
				ALWAYS_SEARCH_USER_PATHS = NO;
				CLANG_CXX_LANGUAGE_STANDARD = "gnu++0x";
				CLANG_CXX_LIBRARY = "libc++";
				CLANG_ENABLE_MODULES = YES;
				CLANG_ENABLE_OBJC_ARC = YES;
				CLANG_WARN_BOOL_CONVERSION = YES;
				CLANG_WARN_CONSTANT_CONVERSION = YES;
				CLANG_WARN_DIRECT_OBJC_ISA_USAGE = YES_ERROR;
				CLANG_WARN_EMPTY_BODY = YES;
				CLANG_WARN_ENUM_CONVERSION = YES;
				CLANG_WARN_INT_CONVERSION = YES;
				CLANG_WARN_OBJC_ROOT_CLASS = YES_ERROR;
				CLANG_WARN_UNREACHABLE_CODE = YES;
				CLANG_WARN__DUPLICATE_METHOD_MATCH = YES;
				"CODE_SIGN_IDENTITY[sdk=iphoneos*]" = "iPhone Developer";
				COPY_PHASE_STRIP = NO;
				DEBUG_INFORMATION_FORMAT = "dwarf-with-dsym";
				ENABLE_NS_ASSERTIONS = NO;
				ENABLE_STRICT_OBJC_MSGSEND = YES;
				GCC_C_LANGUAGE_STANDARD = gnu99;
				GCC_NO_COMMON_BLOCKS = YES;
				GCC_WARN_64_TO_32_BIT_CONVERSION = YES;
				GCC_WARN_ABOUT_RETURN_TYPE = YES_ERROR;
				GCC_WARN_UNDECLARED_SELECTOR = YES;
				GCC_WARN_UNINITIALIZED_AUTOS = YES_AGGRESSIVE;
				GCC_WARN_UNUSED_FUNCTION = YES;
				GCC_WARN_UNUSED_VARIABLE = YES;
				IPHONEOS_DEPLOYMENT_TARGET = 9.1;
				MTL_ENABLE_DEBUG_INFO = NO;
				SDKROOT = iphoneos;
				TARGETED_DEVICE_FAMILY = "1,2";
				VALIDATE_PRODUCT = YES;
			};
			name = Release;
		};
		008476B71BFC2305008959FC /* Debug */ = {
			isa = XCBuildConfiguration;
			baseConfigurationReference = 74686A22528ECB423058D4A2 /* Pods-HCache.debug.xcconfig */;
			buildSettings = {
				ASSETCATALOG_COMPILER_APPICON_NAME = AppIcon;
				INFOPLIST_FILE = HCache/Info.plist;
				IPHONEOS_DEPLOYMENT_TARGET = 6.0;
				LD_RUNPATH_SEARCH_PATHS = "$(inherited) @executable_path/Frameworks";
				PRODUCT_BUNDLE_IDENTIFIER = com.pinguo.HCache;
				PRODUCT_NAME = "$(TARGET_NAME)";
			};
			name = Debug;
		};
		008476B81BFC2305008959FC /* Release */ = {
			isa = XCBuildConfiguration;
			baseConfigurationReference = 5A1C52F9B3CCDECC449ABED4 /* Pods-HCache.release.xcconfig */;
			buildSettings = {
				ASSETCATALOG_COMPILER_APPICON_NAME = AppIcon;
				INFOPLIST_FILE = HCache/Info.plist;
				IPHONEOS_DEPLOYMENT_TARGET = 6.0;
				LD_RUNPATH_SEARCH_PATHS = "$(inherited) @executable_path/Frameworks";
				PRODUCT_BUNDLE_IDENTIFIER = com.pinguo.HCache;
				PRODUCT_NAME = "$(TARGET_NAME)";
			};
			name = Release;
		};
/* End XCBuildConfiguration section */

/* Begin XCConfigurationList section */
		0084769A1BFC2305008959FC /* Build configuration list for PBXProject "HCache" */ = {
			isa = XCConfigurationList;
			buildConfigurations = (
				008476B41BFC2305008959FC /* Debug */,
				008476B51BFC2305008959FC /* Release */,
			);
			defaultConfigurationIsVisible = 0;
			defaultConfigurationName = Release;
		};
		008476B61BFC2305008959FC /* Build configuration list for PBXNativeTarget "HCache" */ = {
			isa = XCConfigurationList;
			buildConfigurations = (
				008476B71BFC2305008959FC /* Debug */,
				008476B81BFC2305008959FC /* Release */,
			);
			defaultConfigurationIsVisible = 0;
			defaultConfigurationName = Release;
		};
/* End XCConfigurationList section */
	};
	rootObject = 008476971BFC2305008959FC /* Project object */;
}
